{
  "name": "zurealdj",
  "version": "1.0.0",
  "lockfileVersion": 1,
  "requires": true,
  "dependencies": {
    "angular": {
      "version": "1.5.8",
      "resolved": "https://registry.npmjs.org/angular/-/angular-1.6.6.tgz",
      "integrity": "sha1-/Vo8+0N844LYVO4BEgeXl4Uny2Q="
    },
    "angular-animate": {
      "version": "1.5.9",
      "resolved": "https://registry.npmjs.org/angular-animate/-/angular-animate-1.5.9.tgz",
      "integrity": "sha1-yVjVJPkzOkir2u+zKUfH5hH1RFM="
    },
    "angular-drag-and-drop-lists": {
      "version": "2.1.0",
      "resolved": "https://registry.npmjs.org/angular-drag-and-drop-lists/-/angular-drag-and-drop-lists-2.1.0.tgz",
      "integrity": "sha1-2hDMhcgEJR+6qoTYN/c4D7DNeA8="
    },
    "angular-filter": {
      "version": "0.5.16",
      "resolved": "https://registry.npmjs.org/angular-filter/-/angular-filter-0.5.16.tgz",
      "integrity": "sha1-5x9AhsBo5AcWZVA2wiZw+KaYWIY=",
      "requires": {
        "angular": "1.6.5"
      },
      "dependencies": {
        "angular": {
          "version": "1.6.5",
          "resolved": "https://registry.npmjs.org/angular/-/angular-1.6.5.tgz",
          "integrity": "sha1-N/eI7r7Fzi4/oCsXu8sqIxV2oNY="
        }
      }
    },
    "angular-jquery-timepicker": {
      "version": "0.12.0",
      "resolved": "https://registry.npmjs.org/angular-jquery-timepicker/-/angular-jquery-timepicker-0.12.0.tgz",
      "integrity": "sha1-34KdMwINmUYyCbb6uCanxt2KReU="
    },
    "angular-sweetalert": {
      "version": "1.1.2",
      "resolved": "https://registry.npmjs.org/angular-sweetalert/-/angular-sweetalert-1.1.2.tgz",
      "integrity": "sha1-tQkMTh+khtm2G56nmdW3B7sEQi8=",
      "requires": {
        "angular": "1.6.5",
        "sweetalert": "0.4.2"
      },
      "dependencies": {
        "angular": {
          "version": "1.6.5",
          "resolved": "https://registry.npmjs.org/angular/-/angular-1.6.5.tgz",
          "integrity": "sha1-N/eI7r7Fzi4/oCsXu8sqIxV2oNY="
        },
        "sweetalert": {
          "version": "0.4.2",
          "resolved": "https://registry.npmjs.org/sweetalert/-/sweetalert-0.4.2.tgz",
          "integrity": "sha1-/AnviJSNDyXk8SMqIhSfCecDdT4="
        }
      }
    },
    "angular-ui-bootstrap": {
      "version": "2.5.0",
      "resolved": "https://registry.npmjs.org/angular-ui-bootstrap/-/angular-ui-bootstrap-2.5.0.tgz",
      "integrity": "sha1-L6zvuRU4ZlXcX0QVAlgDJRcjbQE="
    },
    "angularjs-slider": {
      "version": "6.2.3",
      "resolved": "https://registry.npmjs.org/angularjs-slider/-/angularjs-slider-6.2.3.tgz",
      "integrity": "sha512-J39wMt44sjrMQ+TeoOOSjD+acdAOPa7oRRJInJ+pc3rX1iIZQ91oLRsOeMUEAGDkS4SuB8/Fn7E7u6eY+X2fKw=="
    },
    "animate.css": {
      "version": "3.5.2",
      "resolved": "https://registry.npmjs.org/animate.css/-/animate.css-3.5.2.tgz",
      "integrity": "sha1-keZo3AaagI5eSZUUhnuXquAWbDY="
    },
    "animate.scss": {
      "version": "0.0.6",
      "resolved": "https://registry.npmjs.org/animate.scss/-/animate.scss-0.0.6.tgz",
      "integrity": "sha1-Umi4XpFM3c+Bf7bZEM2lZl15Ki8="
    },
    "cropperjs": {
      "version": "1.0.0-rc.3",
      "resolved": "https://registry.npmjs.org/cropperjs/-/cropperjs-1.0.0-rc.3.tgz",
      "integrity": "sha512-3w3Rg95zHeVSAidvsoCzkYo9IycuTkU7pdP+lckQg2PY72HnFjj4JtS1L4sPumVzOU++e14BYp20ZbVczvVN1Q=="
    },
    "ion-sound": {
      "version": "3.0.7",
      "resolved": "https://registry.npmjs.org/ion-sound/-/ion-sound-3.0.7.tgz",
      "integrity": "sha1-jp9W3x91XhuGNBeTSEX990+3uow="
    },
    "jquery-price-format": {
      "version": "0.0.1",
      "resolved": "https://registry.npmjs.org/jquery-price-format/-/jquery-price-format-0.0.1.tgz",
      "integrity": "sha1-pFL9GERdMFjFHDYRM1PPtPSTIuc="
    },
    "ng-dialog": {
      "version": "0.6.6",
      "resolved": "https://registry.npmjs.org/ng-dialog/-/ng-dialog-0.6.6.tgz",
      "integrity": "sha1-qtekfI5ByAf3AxPbEpbb6d4x2n0="
    },
    "sweetalert": {
      "version": "1.1.3",
      "resolved": "https://registry.npmjs.org/sweetalert/-/sweetalert-1.1.3.tgz",
      "integrity": "sha1-0sMepJKyK2qNiHrqFZiaI4/AhK4="
    },
    "ui-select": {
      "version": "0.19.8",
      "resolved": "https://registry.npmjs.org/ui-select/-/ui-select-0.19.8.tgz",
      "integrity": "sha1-dIYISKf9i8SU2YVtL2J3bqmGN8E="
    }
  }
}
